// !$*UTF8*$!
{
	archiveVersion = 1;
	classes = {
	};
	objectVersion = 56;
	objects = {

/* Begin PBXBuildFile section */
		012DEBC72A72F78E0014551E /* AppDelegate.swift in Sources */ = {isa = PBXBuildFile; fileRef = 012DEBC62A72F78E0014551E /* AppDelegate.swift */; };
		012DEBC92A72F78E0014551E /* SceneDelegate.swift in Sources */ = {isa = PBXBuildFile; fileRef = 012DEBC82A72F78E0014551E /* SceneDelegate.swift */; };
		012DEBCB2A72F78E0014551E /* ImagesListViewController.swift in Sources */ = {isa = PBXBuildFile; fileRef = 012DEBCA2A72F78E0014551E /* ImagesListViewController.swift */; };
		012DEBCE2A72F78E0014551E /* Main.storyboard in Resources */ = {isa = PBXBuildFile; fileRef = 012DEBCC2A72F78E0014551E /* Main.storyboard */; };
		012DEBD12A72F78E0014551E /* ImageFeed.xcdatamodeld in Sources */ = {isa = PBXBuildFile; fileRef = 012DEBCF2A72F78E0014551E /* ImageFeed.xcdatamodeld */; };
		012DEBD32A72F78F0014551E /* Assets.xcassets in Resources */ = {isa = PBXBuildFile; fileRef = 012DEBD22A72F78F0014551E /* Assets.xcassets */; };
		012DEBD62A72F78F0014551E /* LaunchScreen.storyboard in Resources */ = {isa = PBXBuildFile; fileRef = 012DEBD42A72F78F0014551E /* LaunchScreen.storyboard */; };
		012DEBE12A72F7900014551E /* ImageFeedTests.swift in Sources */ = {isa = PBXBuildFile; fileRef = 012DEBE02A72F7900014551E /* ImageFeedTests.swift */; };
		012DEBEB2A72F7900014551E /* ImageFeedUITests.swift in Sources */ = {isa = PBXBuildFile; fileRef = 012DEBEA2A72F7900014551E /* ImageFeedUITests.swift */; };
		012DEBED2A72F7900014551E /* ImageFeedUITestsLaunchTests.swift in Sources */ = {isa = PBXBuildFile; fileRef = 012DEBEC2A72F7900014551E /* ImageFeedUITestsLaunchTests.swift */; };
		013CBEED2A9895B900037D3E /* Constants.swift in Sources */ = {isa = PBXBuildFile; fileRef = 013CBEEC2A9895B900037D3E /* Constants.swift */; };
		019245342A8B66C700AC0741 /* ProfileViewController.swift in Sources */ = {isa = PBXBuildFile; fileRef = 019245332A8B66C700AC0741 /* ProfileViewController.swift */; };
		019245372A8C18BA00AC0741 /* SingleImageViewController.swift in Sources */ = {isa = PBXBuildFile; fileRef = 019245362A8C18BA00AC0741 /* SingleImageViewController.swift */; };
		01FBCAAA2A7CF7F300F9A80C /* ImagesListCell.swift in Sources */ = {isa = PBXBuildFile; fileRef = 01FBCAA92A7CF7F300F9A80C /* ImagesListCell.swift */; };
/* End PBXBuildFile section */

/* Begin PBXContainerItemProxy section */
		012DEBDD2A72F7900014551E /* PBXContainerItemProxy */ = {
			isa = PBXContainerItemProxy;
			containerPortal = 012DEBBB2A72F78E0014551E /* Project object */;
			proxyType = 1;
			remoteGlobalIDString = 012DEBC22A72F78E0014551E;
			remoteInfo = ImageFeed;
		};
		012DEBE72A72F7900014551E /* PBXContainerItemProxy */ = {
			isa = PBXContainerItemProxy;
			containerPortal = 012DEBBB2A72F78E0014551E /* Project object */;
			proxyType = 1;
			remoteGlobalIDString = 012DEBC22A72F78E0014551E;
			remoteInfo = ImageFeed;
		};
/* End PBXContainerItemProxy section */

/* Begin PBXFileReference section */
		012DEBC32A72F78E0014551E /* ImageFeed.app */ = {isa = PBXFileReference; explicitFileType = wrapper.application; includeInIndex = 0; path = ImageFeed.app; sourceTree = BUILT_PRODUCTS_DIR; };
		012DEBC62A72F78E0014551E /* AppDelegate.swift */ = {isa = PBXFileReference; lastKnownFileType = sourcecode.swift; path = AppDelegate.swift; sourceTree = "<group>"; };
		012DEBC82A72F78E0014551E /* SceneDelegate.swift */ = {isa = PBXFileReference; lastKnownFileType = sourcecode.swift; path = SceneDelegate.swift; sourceTree = "<group>"; };
		012DEBCA2A72F78E0014551E /* ImagesListViewController.swift */ = {isa = PBXFileReference; lastKnownFileType = sourcecode.swift; path = ImagesListViewController.swift; sourceTree = "<group>"; };
		012DEBCD2A72F78E0014551E /* Base */ = {isa = PBXFileReference; lastKnownFileType = file.storyboard; name = Base; path = Base.lproj/Main.storyboard; sourceTree = "<group>"; };
		012DEBD02A72F78E0014551E /* ImageFeed.xcdatamodel */ = {isa = PBXFileReference; lastKnownFileType = wrapper.xcdatamodel; path = ImageFeed.xcdatamodel; sourceTree = "<group>"; };
		012DEBD22A72F78F0014551E /* Assets.xcassets */ = {isa = PBXFileReference; lastKnownFileType = folder.assetcatalog; path = Assets.xcassets; sourceTree = "<group>"; };
		012DEBD52A72F78F0014551E /* Base */ = {isa = PBXFileReference; lastKnownFileType = file.storyboard; name = Base; path = Base.lproj/LaunchScreen.storyboard; sourceTree = "<group>"; };
		012DEBD72A72F78F0014551E /* Info.plist */ = {isa = PBXFileReference; lastKnownFileType = text.plist.xml; path = Info.plist; sourceTree = "<group>"; };
		012DEBDC2A72F7900014551E /* ImageFeedTests.xctest */ = {isa = PBXFileReference; explicitFileType = wrapper.cfbundle; includeInIndex = 0; path = ImageFeedTests.xctest; sourceTree = BUILT_PRODUCTS_DIR; };
		012DEBE02A72F7900014551E /* ImageFeedTests.swift */ = {isa = PBXFileReference; lastKnownFileType = sourcecode.swift; path = ImageFeedTests.swift; sourceTree = "<group>"; };
		012DEBE62A72F7900014551E /* ImageFeedUITests.xctest */ = {isa = PBXFileReference; explicitFileType = wrapper.cfbundle; includeInIndex = 0; path = ImageFeedUITests.xctest; sourceTree = BUILT_PRODUCTS_DIR; };
		012DEBEA2A72F7900014551E /* ImageFeedUITests.swift */ = {isa = PBXFileReference; lastKnownFileType = sourcecode.swift; path = ImageFeedUITests.swift; sourceTree = "<group>"; };
		012DEBEC2A72F7900014551E /* ImageFeedUITestsLaunchTests.swift */ = {isa = PBXFileReference; lastKnownFileType = sourcecode.swift; path = ImageFeedUITestsLaunchTests.swift; sourceTree = "<group>"; };
		013CBEEC2A9895B900037D3E /* Constants.swift */ = {isa = PBXFileReference; lastKnownFileType = sourcecode.swift; path = Constants.swift; sourceTree = "<group>"; };
		019245332A8B66C700AC0741 /* ProfileViewController.swift */ = {isa = PBXFileReference; lastKnownFileType = sourcecode.swift; path = ProfileViewController.swift; sourceTree = "<group>"; };
		019245362A8C18BA00AC0741 /* SingleImageViewController.swift */ = {isa = PBXFileReference; lastKnownFileType = sourcecode.swift; path = SingleImageViewController.swift; sourceTree = "<group>"; };
		01FBCAA92A7CF7F300F9A80C /* ImagesListCell.swift */ = {isa = PBXFileReference; lastKnownFileType = sourcecode.swift; path = ImagesListCell.swift; sourceTree = "<group>"; };
/* End PBXFileReference section */

/* Begin PBXFrameworksBuildPhase section */
		012DEBC02A72F78E0014551E /* Frameworks */ = {
			isa = PBXFrameworksBuildPhase;
			buildActionMask = 2147483647;
			files = (
			);
			runOnlyForDeploymentPostprocessing = 0;
		};
		012DEBD92A72F7900014551E /* Frameworks */ = {
			isa = PBXFrameworksBuildPhase;
			buildActionMask = 2147483647;
			files = (
			);
			runOnlyForDeploymentPostprocessing = 0;
		};
		012DEBE32A72F7900014551E /* Frameworks */ = {
			isa = PBXFrameworksBuildPhase;
			buildActionMask = 2147483647;
			files = (
			);
			runOnlyForDeploymentPostprocessing = 0;
		};
/* End PBXFrameworksBuildPhase section */

/* Begin PBXGroup section */
		012DEBBA2A72F78E0014551E = {
			isa = PBXGroup;
			children = (
				012DEBC52A72F78E0014551E /* ImageFeed */,
				012DEBDF2A72F7900014551E /* ImageFeedTests */,
				012DEBE92A72F7900014551E /* ImageFeedUITests */,
				012DEBC42A72F78E0014551E /* Products */,
			);
			sourceTree = "<group>";
		};
		012DEBC42A72F78E0014551E /* Products */ = {
			isa = PBXGroup;
			children = (
				012DEBC32A72F78E0014551E /* ImageFeed.app */,
				012DEBDC2A72F7900014551E /* ImageFeedTests.xctest */,
				012DEBE62A72F7900014551E /* ImageFeedUITests.xctest */,
			);
			name = Products;
			sourceTree = "<group>";
		};
		012DEBC52A72F78E0014551E /* ImageFeed */ = {
			isa = PBXGroup;
			children = (
				019245352A8C189900AC0741 /* SingleImage */,
				01FBCAAC2A7EE8F300F9A80C /* Base */,
				01FBCAAB2A7CF86600F9A80C /* ImagesList */,
				019245322A8B66AB00AC0741 /* Profile */,
				01FBCAAD2A7EE9F700F9A80C /* Resources */,
				012DEBD42A72F78F0014551E /* LaunchScreen.storyboard */,
				012DEBC62A72F78E0014551E /* AppDelegate.swift */,
				012DEBD72A72F78F0014551E /* Info.plist */,
				012DEBC82A72F78E0014551E /* SceneDelegate.swift */,
				012DEBCF2A72F78E0014551E /* ImageFeed.xcdatamodeld */,
			);
			path = ImageFeed;
			sourceTree = "<group>";
		};
		012DEBDF2A72F7900014551E /* ImageFeedTests */ = {
			isa = PBXGroup;
			children = (
				012DEBE02A72F7900014551E /* ImageFeedTests.swift */,
			);
			path = ImageFeedTests;
			sourceTree = "<group>";
		};
		012DEBE92A72F7900014551E /* ImageFeedUITests */ = {
			isa = PBXGroup;
			children = (
				012DEBEA2A72F7900014551E /* ImageFeedUITests.swift */,
				012DEBEC2A72F7900014551E /* ImageFeedUITestsLaunchTests.swift */,
			);
			path = ImageFeedUITests;
			sourceTree = "<group>";
		};
		019245322A8B66AB00AC0741 /* Profile */ = {
			isa = PBXGroup;
			children = (
				019245332A8B66C700AC0741 /* ProfileViewController.swift */,
			);
			path = Profile;
			sourceTree = "<group>";
		};
		019245352A8C189900AC0741 /* SingleImage */ = {
			isa = PBXGroup;
			children = (
				019245362A8C18BA00AC0741 /* SingleImageViewController.swift */,
			);
			path = SingleImage;
			sourceTree = "<group>";
		};
		01FBCAAB2A7CF86600F9A80C /* ImagesList */ = {
			isa = PBXGroup;
			children = (
				01FBCAA92A7CF7F300F9A80C /* ImagesListCell.swift */,
				012DEBCA2A72F78E0014551E /* ImagesListViewController.swift */,
				013CBEEC2A9895B900037D3E /* Constants.swift */,
			);
			path = ImagesList;
			sourceTree = "<group>";
		};
		01FBCAAC2A7EE8F300F9A80C /* Base */ = {
			isa = PBXGroup;
			children = (
				012DEBCC2A72F78E0014551E /* Main.storyboard */,
			);
			path = Base;
			sourceTree = "<group>";
		};
		01FBCAAD2A7EE9F700F9A80C /* Resources */ = {
			isa = PBXGroup;
			children = (
				012DEBD22A72F78F0014551E /* Assets.xcassets */,
			);
			path = Resources;
			sourceTree = "<group>";
		};
/* End PBXGroup section */

/* Begin PBXNativeTarget section */
		012DEBC22A72F78E0014551E /* ImageFeed */ = {
			isa = PBXNativeTarget;
			buildConfigurationList = 012DEBF02A72F7900014551E /* Build configuration list for PBXNativeTarget "ImageFeed" */;
			buildPhases = (
				012DEBBF2A72F78E0014551E /* Sources */,
				012DEBC02A72F78E0014551E /* Frameworks */,
				012DEBC12A72F78E0014551E /* Resources */,
			);
			buildRules = (
			);
			dependencies = (
			);
			name = ImageFeed;
			productName = ImageFeed;
			productReference = 012DEBC32A72F78E0014551E /* ImageFeed.app */;
			productType = "com.apple.product-type.application";
		};
		012DEBDB2A72F7900014551E /* ImageFeedTests */ = {
			isa = PBXNativeTarget;
			buildConfigurationList = 012DEBF32A72F7900014551E /* Build configuration list for PBXNativeTarget "ImageFeedTests" */;
			buildPhases = (
				012DEBD82A72F7900014551E /* Sources */,
				012DEBD92A72F7900014551E /* Frameworks */,
				012DEBDA2A72F7900014551E /* Resources */,
			);
			buildRules = (
			);
			dependencies = (
				012DEBDE2A72F7900014551E /* PBXTargetDependency */,
			);
			name = ImageFeedTests;
			productName = ImageFeedTests;
			productReference = 012DEBDC2A72F7900014551E /* ImageFeedTests.xctest */;
			productType = "com.apple.product-type.bundle.unit-test";
		};
		012DEBE52A72F7900014551E /* ImageFeedUITests */ = {
			isa = PBXNativeTarget;
			buildConfigurationList = 012DEBF62A72F7900014551E /* Build configuration list for PBXNativeTarget "ImageFeedUITests" */;
			buildPhases = (
				012DEBE22A72F7900014551E /* Sources */,
				012DEBE32A72F7900014551E /* Frameworks */,
				012DEBE42A72F7900014551E /* Resources */,
			);
			buildRules = (
			);
			dependencies = (
				012DEBE82A72F7900014551E /* PBXTargetDependency */,
			);
			name = ImageFeedUITests;
			productName = ImageFeedUITests;
			productReference = 012DEBE62A72F7900014551E /* ImageFeedUITests.xctest */;
			productType = "com.apple.product-type.bundle.ui-testing";
		};
/* End PBXNativeTarget section */

/* Begin PBXProject section */
		012DEBBB2A72F78E0014551E /* Project object */ = {
			isa = PBXProject;
			attributes = {
				BuildIndependentTargetsInParallel = 1;
				LastSwiftUpdateCheck = 1420;
				LastUpgradeCheck = 1420;
				TargetAttributes = {
					012DEBC22A72F78E0014551E = {
						CreatedOnToolsVersion = 14.2;
					};
					012DEBDB2A72F7900014551E = {
						CreatedOnToolsVersion = 14.2;
						TestTargetID = 012DEBC22A72F78E0014551E;
					};
					012DEBE52A72F7900014551E = {
						CreatedOnToolsVersion = 14.2;
						TestTargetID = 012DEBC22A72F78E0014551E;
					};
				};
			};
			buildConfigurationList = 012DEBBE2A72F78E0014551E /* Build configuration list for PBXProject "ImageFeed" */;
			compatibilityVersion = "Xcode 14.0";
			developmentRegion = en;
			hasScannedForEncodings = 0;
			knownRegions = (
				en,
				Base,
			);
			mainGroup = 012DEBBA2A72F78E0014551E;
			productRefGroup = 012DEBC42A72F78E0014551E /* Products */;
			projectDirPath = "";
			projectRoot = "";
			targets = (
				012DEBC22A72F78E0014551E /* ImageFeed */,
				012DEBDB2A72F7900014551E /* ImageFeedTests */,
				012DEBE52A72F7900014551E /* ImageFeedUITests */,
			);
		};
/* End PBXProject section */

/* Begin PBXResourcesBuildPhase section */
		012DEBC12A72F78E0014551E /* Resources */ = {
			isa = PBXResourcesBuildPhase;
			buildActionMask = 2147483647;
			files = (
				012DEBD62A72F78F0014551E /* LaunchScreen.storyboard in Resources */,
				012DEBD32A72F78F0014551E /* Assets.xcassets in Resources */,
				012DEBCE2A72F78E0014551E /* Main.storyboard in Resources */,
			);
			runOnlyForDeploymentPostprocessing = 0;
		};
		012DEBDA2A72F7900014551E /* Resources */ = {
			isa = PBXResourcesBuildPhase;
			buildActionMask = 2147483647;
			files = (
			);
			runOnlyForDeploymentPostprocessing = 0;
		};
		012DEBE42A72F7900014551E /* Resources */ = {
			isa = PBXResourcesBuildPhase;
			buildActionMask = 2147483647;
			files = (
			);
			runOnlyForDeploymentPostprocessing = 0;
		};
/* End PBXResourcesBuildPhase section */

/* Begin PBXSourcesBuildPhase section */
		012DEBBF2A72F78E0014551E /* Sources */ = {
			isa = PBXSourcesBuildPhase;
			buildActionMask = 2147483647;
			files = (
				019245342A8B66C700AC0741 /* ProfileViewController.swift in Sources */,
				012DEBCB2A72F78E0014551E /* ImagesListViewController.swift in Sources */,
				012DEBD12A72F78E0014551E /* ImageFeed.xcdatamodeld in Sources */,
				019245372A8C18BA00AC0741 /* SingleImageViewController.swift in Sources */,
				01FBCAAA2A7CF7F300F9A80C /* ImagesListCell.swift in Sources */,
				012DEBC72A72F78E0014551E /* AppDelegate.swift in Sources */,
				012DEBC92A72F78E0014551E /* SceneDelegate.swift in Sources */,
				013CBEED2A9895B900037D3E /* Constants.swift in Sources */,
			);
			runOnlyForDeploymentPostprocessing = 0;
		};
		012DEBD82A72F7900014551E /* Sources */ = {
			isa = PBXSourcesBuildPhase;
			buildActionMask = 2147483647;
			files = (
				012DEBE12A72F7900014551E /* ImageFeedTests.swift in Sources */,
			);
			runOnlyForDeploymentPostprocessing = 0;
		};
		012DEBE22A72F7900014551E /* Sources */ = {
			isa = PBXSourcesBuildPhase;
			buildActionMask = 2147483647;
			files = (
				012DEBED2A72F7900014551E /* ImageFeedUITestsLaunchTests.swift in Sources */,
				012DEBEB2A72F7900014551E /* ImageFeedUITests.swift in Sources */,
			);
			runOnlyForDeploymentPostprocessing = 0;
		};
/* End PBXSourcesBuildPhase section */

/* Begin PBXTargetDependency section */
		012DEBDE2A72F7900014551E /* PBXTargetDependency */ = {
			isa = PBXTargetDependency;
			target = 012DEBC22A72F78E0014551E /* ImageFeed */;
			targetProxy = 012DEBDD2A72F7900014551E /* PBXContainerItemProxy */;
		};
		012DEBE82A72F7900014551E /* PBXTargetDependency */ = {
			isa = PBXTargetDependency;
			target = 012DEBC22A72F78E0014551E /* ImageFeed */;
			targetProxy = 012DEBE72A72F7900014551E /* PBXContainerItemProxy */;
		};
/* End PBXTargetDependency section */

/* Begin PBXVariantGroup section */
		012DEBCC2A72F78E0014551E /* Main.storyboard */ = {
			isa = PBXVariantGroup;
			children = (
				012DEBCD2A72F78E0014551E /* Base */,
			);
			name = Main.storyboard;
			sourceTree = "<group>";
		};
		012DEBD42A72F78F0014551E /* LaunchScreen.storyboard */ = {
			isa = PBXVariantGroup;
			children = (
				012DEBD52A72F78F0014551E /* Base */,
			);
			name = LaunchScreen.storyboard;
			sourceTree = "<group>";
		};
/* End PBXVariantGroup section */

/* Begin XCBuildConfiguration section */
		012DEBEE2A72F7900014551E /* Debug */ = {
			isa = XCBuildConfiguration;
			buildSettings = {
				ALWAYS_SEARCH_USER_PATHS = NO;
				CLANG_ANALYZER_NONNULL = YES;
				CLANG_ANALYZER_NUMBER_OBJECT_CONVERSION = YES_AGGRESSIVE;
				CLANG_CXX_LANGUAGE_STANDARD = "gnu++20";
				CLANG_ENABLE_MODULES = YES;
				CLANG_ENABLE_OBJC_ARC = YES;
				CLANG_ENABLE_OBJC_WEAK = YES;
				CLANG_WARN_BLOCK_CAPTURE_AUTORELEASING = YES;
				CLANG_WARN_BOOL_CONVERSION = YES;
				CLANG_WARN_COMMA = YES;
				CLANG_WARN_CONSTANT_CONVERSION = YES;
				CLANG_WARN_DEPRECATED_OBJC_IMPLEMENTATIONS = YES;
				CLANG_WARN_DIRECT_OBJC_ISA_USAGE = YES_ERROR;
				CLANG_WARN_DOCUMENTATION_COMMENTS = YES;
				CLANG_WARN_EMPTY_BODY = YES;
				CLANG_WARN_ENUM_CONVERSION = YES;
				CLANG_WARN_INFINITE_RECURSION = YES;
				CLANG_WARN_INT_CONVERSION = YES;
				CLANG_WARN_NON_LITERAL_NULL_CONVERSION = YES;
				CLANG_WARN_OBJC_IMPLICIT_RETAIN_SELF = YES;
				CLANG_WARN_OBJC_LITERAL_CONVERSION = YES;
				CLANG_WARN_OBJC_ROOT_CLASS = YES_ERROR;
				CLANG_WARN_QUOTED_INCLUDE_IN_FRAMEWORK_HEADER = YES;
				CLANG_WARN_RANGE_LOOP_ANALYSIS = YES;
				CLANG_WARN_STRICT_PROTOTYPES = YES;
				CLANG_WARN_SUSPICIOUS_MOVE = YES;
				CLANG_WARN_UNGUARDED_AVAILABILITY = YES_AGGRESSIVE;
				CLANG_WARN_UNREACHABLE_CODE = YES;
				CLANG_WARN__DUPLICATE_METHOD_MATCH = YES;
				COPY_PHASE_STRIP = NO;
				DEBUG_INFORMATION_FORMAT = dwarf;
				ENABLE_STRICT_OBJC_MSGSEND = YES;
				ENABLE_TESTABILITY = YES;
				GCC_C_LANGUAGE_STANDARD = gnu11;
				GCC_DYNAMIC_NO_PIC = NO;
				GCC_NO_COMMON_BLOCKS = YES;
				GCC_OPTIMIZATION_LEVEL = 0;
				GCC_PREPROCESSOR_DEFINITIONS = (
					"DEBUG=1",
					"$(inherited)",
				);
				GCC_WARN_64_TO_32_BIT_CONVERSION = YES;
				GCC_WARN_ABOUT_RETURN_TYPE = YES_ERROR;
				GCC_WARN_UNDECLARED_SELECTOR = YES;
				GCC_WARN_UNINITIALIZED_AUTOS = YES_AGGRESSIVE;
				GCC_WARN_UNUSED_FUNCTION = YES;
				GCC_WARN_UNUSED_VARIABLE = YES;
				IPHONEOS_DEPLOYMENT_TARGET = 13.0;
				MTL_ENABLE_DEBUG_INFO = INCLUDE_SOURCE;
				MTL_FAST_MATH = YES;
				ONLY_ACTIVE_ARCH = YES;
				SDKROOT = iphoneos;
				SWIFT_ACTIVE_COMPILATION_CONDITIONS = DEBUG;
				SWIFT_OPTIMIZATION_LEVEL = "-Onone";
			};
			name = Debug;
		};
		012DEBEF2A72F7900014551E /* Release */ = {
			isa = XCBuildConfiguration;
			buildSettings = {
				ALWAYS_SEARCH_USER_PATHS = NO;
				CLANG_ANALYZER_NONNULL = YES;
				CLANG_ANALYZER_NUMBER_OBJECT_CONVERSION = YES_AGGRESSIVE;
				CLANG_CXX_LANGUAGE_STANDARD = "gnu++20";
				CLANG_ENABLE_MODULES = YES;
				CLANG_ENABLE_OBJC_ARC = YES;
				CLANG_ENABLE_OBJC_WEAK = YES;
				CLANG_WARN_BLOCK_CAPTURE_AUTORELEASING = YES;
				CLANG_WARN_BOOL_CONVERSION = YES;
				CLANG_WARN_COMMA = YES;
				CLANG_WARN_CONSTANT_CONVERSION = YES;
				CLANG_WARN_DEPRECATED_OBJC_IMPLEMENTATIONS = YES;
				CLANG_WARN_DIRECT_OBJC_ISA_USAGE = YES_ERROR;
				CLANG_WARN_DOCUMENTATION_COMMENTS = YES;
				CLANG_WARN_EMPTY_BODY = YES;
				CLANG_WARN_ENUM_CONVERSION = YES;
				CLANG_WARN_INFINITE_RECURSION = YES;
				CLANG_WARN_INT_CONVERSION = YES;
				CLANG_WARN_NON_LITERAL_NULL_CONVERSION = YES;
				CLANG_WARN_OBJC_IMPLICIT_RETAIN_SELF = YES;
				CLANG_WARN_OBJC_LITERAL_CONVERSION = YES;
				CLANG_WARN_OBJC_ROOT_CLASS = YES_ERROR;
				CLANG_WARN_QUOTED_INCLUDE_IN_FRAMEWORK_HEADER = YES;
				CLANG_WARN_RANGE_LOOP_ANALYSIS = YES;
				CLANG_WARN_STRICT_PROTOTYPES = YES;
				CLANG_WARN_SUSPICIOUS_MOVE = YES;
				CLANG_WARN_UNGUARDED_AVAILABILITY = YES_AGGRESSIVE;
				CLANG_WARN_UNREACHABLE_CODE = YES;
				CLANG_WARN__DUPLICATE_METHOD_MATCH = YES;
				COPY_PHASE_STRIP = NO;
				DEBUG_INFORMATION_FORMAT = "dwarf-with-dsym";
				ENABLE_NS_ASSERTIONS = NO;
				ENABLE_STRICT_OBJC_MSGSEND = YES;
				GCC_C_LANGUAGE_STANDARD = gnu11;
				GCC_NO_COMMON_BLOCKS = YES;
				GCC_WARN_64_TO_32_BIT_CONVERSION = YES;
				GCC_WARN_ABOUT_RETURN_TYPE = YES_ERROR;
				GCC_WARN_UNDECLARED_SELECTOR = YES;
				GCC_WARN_UNINITIALIZED_AUTOS = YES_AGGRESSIVE;
				GCC_WARN_UNUSED_FUNCTION = YES;
				GCC_WARN_UNUSED_VARIABLE = YES;
				IPHONEOS_DEPLOYMENT_TARGET = 13.0;
				MTL_ENABLE_DEBUG_INFO = NO;
				MTL_FAST_MATH = YES;
				SDKROOT = iphoneos;
				SWIFT_COMPILATION_MODE = wholemodule;
				SWIFT_OPTIMIZATION_LEVEL = "-O";
				VALIDATE_PRODUCT = YES;
			};
			name = Release;
		};
		012DEBF12A72F7900014551E /* Debug */ = {
			isa = XCBuildConfiguration;
			buildSettings = {
				ASSETCATALOG_COMPILER_APPICON_NAME = AppIcon;
				ASSETCATALOG_COMPILER_GLOBAL_ACCENT_COLOR_NAME = AccentColor;
				CODE_SIGN_STYLE = Automatic;
				CURRENT_PROJECT_VERSION = 1;
				DEVELOPMENT_TEAM = RLCVQ32K8A;
				GENERATE_INFOPLIST_FILE = YES;
				INFOPLIST_FILE = ImageFeed/Info.plist;
				INFOPLIST_KEY_UIApplicationSupportsIndirectInputEvents = YES;
				INFOPLIST_KEY_UILaunchStoryboardName = LaunchScreen;
				INFOPLIST_KEY_UIMainStoryboardFile = Main;
				INFOPLIST_KEY_UISupportedInterfaceOrientations_iPhone = UIInterfaceOrientationPortrait;
				IPHONEOS_DEPLOYMENT_TARGET = 13.0;
				LD_RUNPATH_SEARCH_PATHS = (
					"$(inherited)",
					"@executable_path/Frameworks",
				);
				MARKETING_VERSION = 1.0;
				PRODUCT_BUNDLE_IDENTIFIER = ru.yandex.practicum.ImageFeed;
				PRODUCT_NAME = "$(TARGET_NAME)";
				SUPPORTED_PLATFORMS = "iphoneos iphonesimulator";
				SUPPORTS_MACCATALYST = NO;
				SUPPORTS_MAC_DESIGNED_FOR_IPHONE_IPAD = NO;
				SWIFT_EMIT_LOC_STRINGS = YES;
				SWIFT_VERSION = 5.0;
				TARGETED_DEVICE_FAMILY = 1;
			};
			name = Debug;
		};
		012DEBF22A72F7900014551E /* Release */ = {
			isa = XCBuildConfiguration;
			buildSettings = {
				ASSETCATALOG_COMPILER_APPICON_NAME = AppIcon;
				ASSETCATALOG_COMPILER_GLOBAL_ACCENT_COLOR_NAME = AccentColor;
				CODE_SIGN_STYLE = Automatic;
				CURRENT_PROJECT_VERSION = 1;
				DEVELOPMENT_TEAM = RLCVQ32K8A;
				GENERATE_INFOPLIST_FILE = YES;
				INFOPLIST_FILE = ImageFeed/Info.plist;
				INFOPLIST_KEY_UIApplicationSupportsIndirectInputEvents = YES;
				INFOPLIST_KEY_UILaunchStoryboardName = LaunchScreen;
				INFOPLIST_KEY_UIMainStoryboardFile = Main;
				INFOPLIST_KEY_UISupportedInterfaceOrientations_iPhone = UIInterfaceOrientationPortrait;
				IPHONEOS_DEPLOYMENT_TARGET = 13.0;
				LD_RUNPATH_SEARCH_PATHS = (
					"$(inherited)",
					"@executable_path/Frameworks",
				);
				MARKETING_VERSION = 1.0;
				PRODUCT_BUNDLE_IDENTIFIER = ru.yandex.practicum.ImageFeed;
				PRODUCT_NAME = "$(TARGET_NAME)";
				SUPPORTED_PLATFORMS = "iphoneos iphonesimulator";
				SUPPORTS_MACCATALYST = NO;
				SUPPORTS_MAC_DESIGNED_FOR_IPHONE_IPAD = NO;
				SWIFT_EMIT_LOC_STRINGS = YES;
				SWIFT_VERSION = 5.0;
				TARGETED_DEVICE_FAMILY = 1;
			};
			name = Release;
		};
		012DEBF42A72F7900014551E /* Debug */ = {
			isa = XCBuildConfiguration;
			buildSettings = {
				ALWAYS_EMBED_SWIFT_STANDARD_LIBRARIES = YES;
				BUNDLE_LOADER = "$(TEST_HOST)";
				CODE_SIGN_STYLE = Automatic;
				CURRENT_PROJECT_VERSION = 1;
				DEVELOPMENT_TEAM = RLCVQ32K8A;
				GENERATE_INFOPLIST_FILE = YES;
				IPHONEOS_DEPLOYMENT_TARGET = 16.2;
				MARKETING_VERSION = 1.0;
				PRODUCT_BUNDLE_IDENTIFIER = ru.yandex.practicum.ImageFeedTests;
				PRODUCT_NAME = "$(TARGET_NAME)";
				SWIFT_EMIT_LOC_STRINGS = NO;
				SWIFT_VERSION = 5.0;
				TARGETED_DEVICE_FAMILY = "1,2";
				TEST_HOST = "$(BUILT_PRODUCTS_DIR)/ImageFeed.app/$(BUNDLE_EXECUTABLE_FOLDER_PATH)/ImageFeed";
			};
			name = Debug;
		};
		012DEBF52A72F7900014551E /* Release */ = {
			isa = XCBuildConfiguration;
			buildSettings = {
				ALWAYS_EMBED_SWIFT_STANDARD_LIBRARIES = YES;
				BUNDLE_LOADER = "$(TEST_HOST)";
				CODE_SIGN_STYLE = Automatic;
				CURRENT_PROJECT_VERSION = 1;
				DEVELOPMENT_TEAM = RLCVQ32K8A;
				GENERATE_INFOPLIST_FILE = YES;
				IPHONEOS_DEPLOYMENT_TARGET = 16.2;
				MARKETING_VERSION = 1.0;
				PRODUCT_BUNDLE_IDENTIFIER = ru.yandex.practicum.ImageFeedTests;
				PRODUCT_NAME = "$(TARGET_NAME)";
				SWIFT_EMIT_LOC_STRINGS = NO;
				SWIFT_VERSION = 5.0;
				TARGETED_DEVICE_FAMILY = "1,2";
				TEST_HOST = "$(BUILT_PRODUCTS_DIR)/ImageFeed.app/$(BUNDLE_EXECUTABLE_FOLDER_PATH)/ImageFeed";
			};
			name = Release;
		};
		012DEBF72A72F7900014551E /* Debug */ = {
			isa = XCBuildConfiguration;
			buildSettings = {
				ALWAYS_EMBED_SWIFT_STANDARD_LIBRARIES = YES;
				CODE_SIGN_STYLE = Automatic;
				CURRENT_PROJECT_VERSION = 1;
				DEVELOPMENT_TEAM = RLCVQ32K8A;
				GENERATE_INFOPLIST_FILE = YES;
				MARKETING_VERSION = 1.0;
				PRODUCT_BUNDLE_IDENTIFIER = ru.yandex.practicum.ImageFeedUITests;
				PRODUCT_NAME = "$(TARGET_NAME)";
				SWIFT_EMIT_LOC_STRINGS = NO;
				SWIFT_VERSION = 5.0;
				TARGETED_DEVICE_FAMILY = "1,2";
				TEST_TARGET_NAME = ImageFeed;
			};
			name = Debug;
		};
		012DEBF82A72F7900014551E /* Release */ = {
			isa = XCBuildConfiguration;
			buildSettings = {
				ALWAYS_EMBED_SWIFT_STANDARD_LIBRARIES = YES;
				CODE_SIGN_STYLE = Automatic;
				CURRENT_PROJECT_VERSION = 1;
				DEVELOPMENT_TEAM = RLCVQ32K8A;
				GENERATE_INFOPLIST_FILE = YES;
				MARKETING_VERSION = 1.0;
				PRODUCT_BUNDLE_IDENTIFIER = ru.yandex.practicum.ImageFeedUITests;
				PRODUCT_NAME = "$(TARGET_NAME)";
				SWIFT_EMIT_LOC_STRINGS = NO;
				SWIFT_VERSION = 5.0;
				TARGETED_DEVICE_FAMILY = "1,2";
				TEST_TARGET_NAME = ImageFeed;
			};
			name = Release;
		};
/* End XCBuildConfiguration section */

/* Begin XCConfigurationList section */
		012DEBBE2A72F78E0014551E /* Build configuration list for PBXProject "ImageFeed" */ = {
			isa = XCConfigurationList;
			buildConfigurations = (
				012DEBEE2A72F7900014551E /* Debug */,
				012DEBEF2A72F7900014551E /* Release */,
			);
			defaultConfigurationIsVisible = 0;
			defaultConfigurationName = Release;
		};
		012DEBF02A72F7900014551E /* Build configuration list for PBXNativeTarget "ImageFeed" */ = {
			isa = XCConfigurationList;
			buildConfigurations = (
				012DEBF12A72F7900014551E /* Debug */,
				012DEBF22A72F7900014551E /* Release */,
			);
			defaultConfigurationIsVisible = 0;
			defaultConfigurationName = Release;
		};
		012DEBF32A72F7900014551E /* Build configuration list for PBXNativeTarget "ImageFeedTests" */ = {
			isa = XCConfigurationList;
			buildConfigurations = (
				012DEBF42A72F7900014551E /* Debug */,
				012DEBF52A72F7900014551E /* Release */,
			);
			defaultConfigurationIsVisible = 0;
			defaultConfigurationName = Release;
		};
		012DEBF62A72F7900014551E /* Build configuration list for PBXNativeTarget "ImageFeedUITests" */ = {
			isa = XCConfigurationList;
			buildConfigurations = (
				012DEBF72A72F7900014551E /* Debug */,
				012DEBF82A72F7900014551E /* Release */,
			);
			defaultConfigurationIsVisible = 0;
			defaultConfigurationName = Release;
		};
/* End XCConfigurationList section */

/* Begin XCVersionGroup section */
		012DEBCF2A72F78E0014551E /* ImageFeed.xcdatamodeld */ = {
			isa = XCVersionGroup;
			children = (
				012DEBD02A72F78E0014551E /* ImageFeed.xcdatamodel */,
			);
			currentVersion = 012DEBD02A72F78E0014551E /* ImageFeed.xcdatamodel */;
			path = ImageFeed.xcdatamodeld;
			sourceTree = "<group>";
			versionGroupType = wrapper.xcdatamodel;
		};
/* End XCVersionGroup section */
	};
	rootObject = 012DEBBB2A72F78E0014551E /* Project object */;
}
